// !$*UTF8*$!
{
	archiveVersion = 1;
	classes = {
	};
	objectVersion = 50;
	objects = {

/* Begin PBXBuildFile section */
		210A902521181BAE00C44F3B /* AppDelegate.swift in Sources */ = {isa = PBXBuildFile; fileRef = 210A902421181BAE00C44F3B /* AppDelegate.swift */; };
		210A902721181BAE00C44F3B /* ViewController.swift in Sources */ = {isa = PBXBuildFile; fileRef = 210A902621181BAE00C44F3B /* ViewController.swift */; };
		210A902A21181BAE00C44F3B /* Main.storyboard in Resources */ = {isa = PBXBuildFile; fileRef = 210A902821181BAE00C44F3B /* Main.storyboard */; };
		210A902C21181BB000C44F3B /* Assets.xcassets in Resources */ = {isa = PBXBuildFile; fileRef = 210A902B21181BB000C44F3B /* Assets.xcassets */; };
		210A902F21181BB000C44F3B /* LaunchScreen.storyboard in Resources */ = {isa = PBXBuildFile; fileRef = 210A902D21181BB000C44F3B /* LaunchScreen.storyboard */; };
		210A903821181BCB00C44F3B /* Country.swift in Sources */ = {isa = PBXBuildFile; fileRef = 210A903721181BCB00C44F3B /* Country.swift */; };
		210A90402118272000C44F3B /* CallingCodes.swift in Sources */ = {isa = PBXBuildFile; fileRef = 210A903F2118272000C44F3B /* CallingCodes.swift */; };
		210A9046211835F700C44F3B /* NibLoadable.swift in Sources */ = {isa = PBXBuildFile; fileRef = 210A9041211835F700C44F3B /* NibLoadable.swift */; };
		210A9047211835F700C44F3B /* NibOwnerLoadable.swift in Sources */ = {isa = PBXBuildFile; fileRef = 210A9042211835F700C44F3B /* NibOwnerLoadable.swift */; };
		210A9048211835F700C44F3B /* Reusable.swift in Sources */ = {isa = PBXBuildFile; fileRef = 210A9043211835F700C44F3B /* Reusable.swift */; };
		210A904A211835F700C44F3B /* UITableView+Reusable.swift in Sources */ = {isa = PBXBuildFile; fileRef = 210A9045211835F700C44F3B /* UITableView+Reusable.swift */; };
		210A904D21184D1A00C44F3B /* AJCountryPicker.swift in Sources */ = {isa = PBXBuildFile; fileRef = 210A904B21184D1A00C44F3B /* AJCountryPicker.swift */; };
		210A904E21184D1A00C44F3B /* AJCountryPicker.xib in Resources */ = {isa = PBXBuildFile; fileRef = 210A904C21184D1A00C44F3B /* AJCountryPicker.xib */; };
		210A905121184D8E00C44F3B /* CountryTableViewCell.swift in Sources */ = {isa = PBXBuildFile; fileRef = 210A904F21184D8E00C44F3B /* CountryTableViewCell.swift */; };
		210A905221184D8E00C44F3B /* CountryTableViewCell.xib in Resources */ = {isa = PBXBuildFile; fileRef = 210A905021184D8E00C44F3B /* CountryTableViewCell.xib */; };
		210A90552118578200C44F3B /* assets.bundle in Resources */ = {isa = PBXBuildFile; fileRef = 210A90542118578200C44F3B /* assets.bundle */; };
/* End PBXBuildFile section */

/* Begin PBXFileReference section */
		210A902121181BAE00C44F3B /* AjCountryPicker.app */ = {isa = PBXFileReference; explicitFileType = wrapper.application; includeInIndex = 0; path = AjCountryPicker.app; sourceTree = BUILT_PRODUCTS_DIR; };
		210A902421181BAE00C44F3B /* AppDelegate.swift */ = {isa = PBXFileReference; lastKnownFileType = sourcecode.swift; path = AppDelegate.swift; sourceTree = "<group>"; };
		210A902621181BAE00C44F3B /* ViewController.swift */ = {isa = PBXFileReference; lastKnownFileType = sourcecode.swift; path = ViewController.swift; sourceTree = "<group>"; };
		210A902921181BAE00C44F3B /* Base */ = {isa = PBXFileReference; lastKnownFileType = file.storyboard; name = Base; path = Base.lproj/Main.storyboard; sourceTree = "<group>"; };
		210A902B21181BB000C44F3B /* Assets.xcassets */ = {isa = PBXFileReference; lastKnownFileType = folder.assetcatalog; path = Assets.xcassets; sourceTree = "<group>"; };
		210A902E21181BB000C44F3B /* Base */ = {isa = PBXFileReference; lastKnownFileType = file.storyboard; name = Base; path = Base.lproj/LaunchScreen.storyboard; sourceTree = "<group>"; };
		210A903021181BB000C44F3B /* Info.plist */ = {isa = PBXFileReference; lastKnownFileType = text.plist.xml; path = Info.plist; sourceTree = "<group>"; };
		210A903721181BCB00C44F3B /* Country.swift */ = {isa = PBXFileReference; lastKnownFileType = sourcecode.swift; path = Country.swift; sourceTree = "<group>"; };
		210A903F2118272000C44F3B /* CallingCodes.swift */ = {isa = PBXFileReference; fileEncoding = 4; lastKnownFileType = sourcecode.swift; path = CallingCodes.swift; sourceTree = "<group>"; };
		210A9041211835F700C44F3B /* NibLoadable.swift */ = {isa = PBXFileReference; fileEncoding = 4; lastKnownFileType = sourcecode.swift; path = NibLoadable.swift; sourceTree = "<group>"; };
		210A9042211835F700C44F3B /* NibOwnerLoadable.swift */ = {isa = PBXFileReference; fileEncoding = 4; lastKnownFileType = sourcecode.swift; path = NibOwnerLoadable.swift; sourceTree = "<group>"; };
		210A9043211835F700C44F3B /* Reusable.swift */ = {isa = PBXFileReference; fileEncoding = 4; lastKnownFileType = sourcecode.swift; path = Reusable.swift; sourceTree = "<group>"; };
		210A9045211835F700C44F3B /* UITableView+Reusable.swift */ = {isa = PBXFileReference; fileEncoding = 4; lastKnownFileType = sourcecode.swift; path = "UITableView+Reusable.swift"; sourceTree = "<group>"; };
		210A904B21184D1A00C44F3B /* AJCountryPicker.swift */ = {isa = PBXFileReference; lastKnownFileType = sourcecode.swift; path = AJCountryPicker.swift; sourceTree = "<group>"; };
		210A904C21184D1A00C44F3B /* AJCountryPicker.xib */ = {isa = PBXFileReference; lastKnownFileType = file.xib; path = AJCountryPicker.xib; sourceTree = "<group>"; };
		210A904F21184D8E00C44F3B /* CountryTableViewCell.swift */ = {isa = PBXFileReference; lastKnownFileType = sourcecode.swift; path = CountryTableViewCell.swift; sourceTree = "<group>"; };
		210A905021184D8E00C44F3B /* CountryTableViewCell.xib */ = {isa = PBXFileReference; lastKnownFileType = file.xib; path = CountryTableViewCell.xib; sourceTree = "<group>"; };
		210A90542118578200C44F3B /* assets.bundle */ = {isa = PBXFileReference; lastKnownFileType = "wrapper.plug-in"; path = assets.bundle; sourceTree = "<group>"; };
/* End PBXFileReference section */

/* Begin PBXFrameworksBuildPhase section */
		210A901E21181BAE00C44F3B /* Frameworks */ = {
			isa = PBXFrameworksBuildPhase;
			buildActionMask = 2147483647;
			files = (
			);
			runOnlyForDeploymentPostprocessing = 0;
		};
/* End PBXFrameworksBuildPhase section */

/* Begin PBXGroup section */
		210A901821181BAE00C44F3B = {
			isa = PBXGroup;
			children = (
				210A902321181BAE00C44F3B /* AjCountryPicker */,
				210A902221181BAE00C44F3B /* Products */,
			);
			sourceTree = "<group>";
		};
		210A902221181BAE00C44F3B /* Products */ = {
			isa = PBXGroup;
			children = (
				210A902121181BAE00C44F3B /* AjCountryPicker.app */,
			);
			name = Products;
			sourceTree = "<group>";
		};
		210A902321181BAE00C44F3B /* AjCountryPicker */ = {
			isa = PBXGroup;
			children = (
				210A90532118578200C44F3B /* Resources */,
				210A903621181BB700C44F3B /* Source */,
				210A902421181BAE00C44F3B /* AppDelegate.swift */,
				210A902621181BAE00C44F3B /* ViewController.swift */,
				210A902821181BAE00C44F3B /* Main.storyboard */,
				210A902B21181BB000C44F3B /* Assets.xcassets */,
				210A902D21181BB000C44F3B /* LaunchScreen.storyboard */,
				210A903021181BB000C44F3B /* Info.plist */,
			);
			path = AjCountryPicker;
			sourceTree = "<group>";
		};
		210A903621181BB700C44F3B /* Source */ = {
			isa = PBXGroup;
			children = (
				210A9041211835F700C44F3B /* NibLoadable.swift */,
				210A9042211835F700C44F3B /* NibOwnerLoadable.swift */,
				210A9043211835F700C44F3B /* Reusable.swift */,
				210A9045211835F700C44F3B /* UITableView+Reusable.swift */,
				210A903721181BCB00C44F3B /* Country.swift */,
				210A903F2118272000C44F3B /* CallingCodes.swift */,
				210A904B21184D1A00C44F3B /* AJCountryPicker.swift */,
				210A904C21184D1A00C44F3B /* AJCountryPicker.xib */,
				210A904F21184D8E00C44F3B /* CountryTableViewCell.swift */,
				210A905021184D8E00C44F3B /* CountryTableViewCell.xib */,
			);
			path = Source;
			sourceTree = "<group>";
		};
		210A90532118578200C44F3B /* Resources */ = {
			isa = PBXGroup;
			children = (
				210A90542118578200C44F3B /* assets.bundle */,
			);
			path = Resources;
			sourceTree = "<group>";
		};
/* End PBXGroup section */

/* Begin PBXNativeTarget section */
		210A902021181BAE00C44F3B /* AjCountryPicker */ = {
			isa = PBXNativeTarget;
			buildConfigurationList = 210A903321181BB000C44F3B /* Build configuration list for PBXNativeTarget "AjCountryPicker" */;
			buildPhases = (
				210A901D21181BAE00C44F3B /* Sources */,
				210A901E21181BAE00C44F3B /* Frameworks */,
				210A901F21181BAE00C44F3B /* Resources */,
			);
			buildRules = (
			);
			dependencies = (
			);
			name = AjCountryPicker;
			productName = AjCountryPicker;
			productReference = 210A902121181BAE00C44F3B /* AjCountryPicker.app */;
			productType = "com.apple.product-type.application";
		};
/* End PBXNativeTarget section */

/* Begin PBXProject section */
		210A901921181BAE00C44F3B /* Project object */ = {
			isa = PBXProject;
			attributes = {
				LastSwiftUpdateCheck = 0940;
				LastUpgradeCheck = 0940;
				ORGANIZATIONNAME = "Aisha Technologies";
				TargetAttributes = {
					210A902021181BAE00C44F3B = {
						CreatedOnToolsVersion = 9.4.1;
					};
				};
			};
			buildConfigurationList = 210A901C21181BAE00C44F3B /* Build configuration list for PBXProject "AjCountryPicker" */;
			compatibilityVersion = "Xcode 9.3";
			developmentRegion = en;
			hasScannedForEncodings = 0;
			knownRegions = (
				en,
				Base,
			);
			mainGroup = 210A901821181BAE00C44F3B;
			productRefGroup = 210A902221181BAE00C44F3B /* Products */;
			projectDirPath = "";
			projectRoot = "";
			targets = (
				210A902021181BAE00C44F3B /* AjCountryPicker */,
			);
		};
/* End PBXProject section */

/* Begin PBXResourcesBuildPhase section */
		210A901F21181BAE00C44F3B /* Resources */ = {
			isa = PBXResourcesBuildPhase;
			buildActionMask = 2147483647;
			files = (
				210A90552118578200C44F3B /* assets.bundle in Resources */,
				210A902F21181BB000C44F3B /* LaunchScreen.storyboard in Resources */,
				210A904E21184D1A00C44F3B /* AJCountryPicker.xib in Resources */,
				210A902C21181BB000C44F3B /* Assets.xcassets in Resources */,
				210A902A21181BAE00C44F3B /* Main.storyboard in Resources */,
				210A905221184D8E00C44F3B /* CountryTableViewCell.xib in Resources */,
			);
			runOnlyForDeploymentPostprocessing = 0;
		};
/* End PBXResourcesBuildPhase section */

/* Begin PBXSourcesBuildPhase section */
		210A901D21181BAE00C44F3B /* Sources */ = {
			isa = PBXSourcesBuildPhase;
			buildActionMask = 2147483647;
			files = (
				210A9047211835F700C44F3B /* NibOwnerLoadable.swift in Sources */,
				210A9046211835F700C44F3B /* NibLoadable.swift in Sources */,
				210A905121184D8E00C44F3B /* CountryTableViewCell.swift in Sources */,
				210A904D21184D1A00C44F3B /* AJCountryPicker.swift in Sources */,
				210A904A211835F700C44F3B /* UITableView+Reusable.swift in Sources */,
				210A902721181BAE00C44F3B /* ViewController.swift in Sources */,
				210A9048211835F700C44F3B /* Reusable.swift in Sources */,
				210A903821181BCB00C44F3B /* Country.swift in Sources */,
				210A902521181BAE00C44F3B /* AppDelegate.swift in Sources */,
				210A90402118272000C44F3B /* CallingCodes.swift in Sources */,
			);
			runOnlyForDeploymentPostprocessing = 0;
		};
/* End PBXSourcesBuildPhase section */

/* Begin PBXVariantGroup section */
		210A902821181BAE00C44F3B /* Main.storyboard */ = {
			isa = PBXVariantGroup;
			children = (
				210A902921181BAE00C44F3B /* Base */,
			);
			name = Main.storyboard;
			sourceTree = "<group>";
		};
		210A902D21181BB000C44F3B /* LaunchScreen.storyboard */ = {
			isa = PBXVariantGroup;
			children = (
				210A902E21181BB000C44F3B /* Base */,
			);
			name = LaunchScreen.storyboard;
			sourceTree = "<group>";
		};
/* End PBXVariantGroup section */

/* Begin XCBuildConfiguration section */
		210A903121181BB000C44F3B /* Debug */ = {
			isa = XCBuildConfiguration;
			buildSettings = {
				ALWAYS_SEARCH_USER_PATHS = NO;
				CLANG_ANALYZER_NONNULL = YES;
				CLANG_ANALYZER_NUMBER_OBJECT_CONVERSION = YES_AGGRESSIVE;
				CLANG_CXX_LANGUAGE_STANDARD = "gnu++14";
				CLANG_CXX_LIBRARY = "libc++";
				CLANG_ENABLE_MODULES = YES;
				CLANG_ENABLE_OBJC_ARC = YES;
				CLANG_ENABLE_OBJC_WEAK = YES;
				CLANG_WARN_BLOCK_CAPTURE_AUTORELEASING = YES;
				CLANG_WARN_BOOL_CONVERSION = YES;
				CLANG_WARN_COMMA = YES;
				CLANG_WARN_CONSTANT_CONVERSION = YES;
				CLANG_WARN_DEPRECATED_OBJC_IMPLEMENTATIONS = YES;
				CLANG_WARN_DIRECT_OBJC_ISA_USAGE = YES_ERROR;
				CLANG_WARN_DOCUMENTATION_COMMENTS = YES;
				CLANG_WARN_EMPTY_BODY = YES;
				CLANG_WARN_ENUM_CONVERSION = YES;
				CLANG_WARN_INFINITE_RECURSION = YES;
				CLANG_WARN_INT_CONVERSION = YES;
				CLANG_WARN_NON_LITERAL_NULL_CONVERSION = YES;
				CLANG_WARN_OBJC_IMPLICIT_RETAIN_SELF = YES;
				CLANG_WARN_OBJC_LITERAL_CONVERSION = YES;
				CLANG_WARN_OBJC_ROOT_CLASS = YES_ERROR;
				CLANG_WARN_RANGE_LOOP_ANALYSIS = YES;
				CLANG_WARN_STRICT_PROTOTYPES = YES;
				CLANG_WARN_SUSPICIOUS_MOVE = YES;
				CLANG_WARN_UNGUARDED_AVAILABILITY = YES_AGGRESSIVE;
				CLANG_WARN_UNREACHABLE_CODE = YES;
				CLANG_WARN__DUPLICATE_METHOD_MATCH = YES;
				CODE_SIGN_IDENTITY = "iPhone Developer";
				COPY_PHASE_STRIP = NO;
				DEBUG_INFORMATION_FORMAT = dwarf;
				ENABLE_STRICT_OBJC_MSGSEND = YES;
				ENABLE_TESTABILITY = YES;
				GCC_C_LANGUAGE_STANDARD = gnu11;
				GCC_DYNAMIC_NO_PIC = NO;
				GCC_NO_COMMON_BLOCKS = YES;
				GCC_OPTIMIZATION_LEVEL = 0;
				GCC_PREPROCESSOR_DEFINITIONS = (
					"DEBUG=1",
					"$(inherited)",
				);
				GCC_WARN_64_TO_32_BIT_CONVERSION = YES;
				GCC_WARN_ABOUT_RETURN_TYPE = YES_ERROR;
				GCC_WARN_UNDECLARED_SELECTOR = YES;
				GCC_WARN_UNINITIALIZED_AUTOS = YES_AGGRESSIVE;
				GCC_WARN_UNUSED_FUNCTION = YES;
				GCC_WARN_UNUSED_VARIABLE = YES;
				IPHONEOS_DEPLOYMENT_TARGET = 11.4;
				MTL_ENABLE_DEBUG_INFO = YES;
				ONLY_ACTIVE_ARCH = YES;
				SDKROOT = iphoneos;
				SWIFT_ACTIVE_COMPILATION_CONDITIONS = DEBUG;
				SWIFT_OPTIMIZATION_LEVEL = "-Onone";
			};
			name = Debug;
		};
		210A903221181BB000C44F3B /* Release */ = {
			isa = XCBuildConfiguration;
			buildSettings = {
				ALWAYS_SEARCH_USER_PATHS = NO;
				CLANG_ANALYZER_NONNULL = YES;
				CLANG_ANALYZER_NUMBER_OBJECT_CONVERSION = YES_AGGRESSIVE;
				CLANG_CXX_LANGUAGE_STANDARD = "gnu++14";
				CLANG_CXX_LIBRARY = "libc++";
				CLANG_ENABLE_MODULES = YES;
				CLANG_ENABLE_OBJC_ARC = YES;
				CLANG_ENABLE_OBJC_WEAK = YES;
				CLANG_WARN_BLOCK_CAPTURE_AUTORELEASING = YES;
				CLANG_WARN_BOOL_CONVERSION = YES;
				CLANG_WARN_COMMA = YES;
				CLANG_WARN_CONSTANT_CONVERSION = YES;
				CLANG_WARN_DEPRECATED_OBJC_IMPLEMENTATIONS = YES;
				CLANG_WARN_DIRECT_OBJC_ISA_USAGE = YES_ERROR;
				CLANG_WARN_DOCUMENTATION_COMMENTS = YES;
				CLANG_WARN_EMPTY_BODY = YES;
				CLANG_WARN_ENUM_CONVERSION = YES;
				CLANG_WARN_INFINITE_RECURSION = YES;
				CLANG_WARN_INT_CONVERSION = YES;
				CLANG_WARN_NON_LITERAL_NULL_CONVERSION = YES;
				CLANG_WARN_OBJC_IMPLICIT_RETAIN_SELF = YES;
				CLANG_WARN_OBJC_LITERAL_CONVERSION = YES;
				CLANG_WARN_OBJC_ROOT_CLASS = YES_ERROR;
				CLANG_WARN_RANGE_LOOP_ANALYSIS = YES;
				CLANG_WARN_STRICT_PROTOTYPES = YES;
				CLANG_WARN_SUSPICIOUS_MOVE = YES;
				CLANG_WARN_UNGUARDED_AVAILABILITY = YES_AGGRESSIVE;
				CLANG_WARN_UNREACHABLE_CODE = YES;
				CLANG_WARN__DUPLICATE_METHOD_MATCH = YES;
				CODE_SIGN_IDENTITY = "iPhone Developer";
				COPY_PHASE_STRIP = NO;
				DEBUG_INFORMATION_FORMAT = "dwarf-with-dsym";
				ENABLE_NS_ASSERTIONS = NO;
				ENABLE_STRICT_OBJC_MSGSEND = YES;
				GCC_C_LANGUAGE_STANDARD = gnu11;
				GCC_NO_COMMON_BLOCKS = YES;
				GCC_WARN_64_TO_32_BIT_CONVERSION = YES;
				GCC_WARN_ABOUT_RETURN_TYPE = YES_ERROR;
				GCC_WARN_UNDECLARED_SELECTOR = YES;
				GCC_WARN_UNINITIALIZED_AUTOS = YES_AGGRESSIVE;
				GCC_WARN_UNUSED_FUNCTION = YES;
				GCC_WARN_UNUSED_VARIABLE = YES;
				IPHONEOS_DEPLOYMENT_TARGET = 11.4;
				MTL_ENABLE_DEBUG_INFO = NO;
				SDKROOT = iphoneos;
				SWIFT_COMPILATION_MODE = wholemodule;
				SWIFT_OPTIMIZATION_LEVEL = "-O";
				VALIDATE_PRODUCT = YES;
			};
			name = Release;
		};
		210A903421181BB000C44F3B /* Debug */ = {
			isa = XCBuildConfiguration;
			buildSettings = {
				ASSETCATALOG_COMPILER_APPICON_NAME = AppIcon;
				CODE_SIGN_STYLE = Automatic;
				DEVELOPMENT_TEAM = 463L6TU58S;
				INFOPLIST_FILE = AjCountryPicker/Info.plist;
				LD_RUNPATH_SEARCH_PATHS = (
					"$(inherited)",
					"@executable_path/Frameworks",
				);
				PRODUCT_BUNDLE_IDENTIFIER = com.techaisha.AjCountryPicker;
				PRODUCT_NAME = "$(TARGET_NAME)";
				SWIFT_VERSION = 4.0;
				TARGETED_DEVICE_FAMILY = "1,2";
			};
			name = Debug;
		};
		210A903521181BB000C44F3B /* Release */ = {
			isa = XCBuildConfiguration;
			buildSettings = {
				ASSETCATALOG_COMPILER_APPICON_NAME = AppIcon;
				CODE_SIGN_STYLE = Automatic;
				DEVELOPMENT_TEAM = 463L6TU58S;
				INFOPLIST_FILE = AjCountryPicker/Info.plist;
				LD_RUNPATH_SEARCH_PATHS = (
					"$(inherited)",
					"@executable_path/Frameworks",
				);
				PRODUCT_BUNDLE_IDENTIFIER = com.techaisha.AjCountryPicker;
				PRODUCT_NAME = "$(TARGET_NAME)";
				SWIFT_VERSION = 4.0;
				TARGETED_DEVICE_FAMILY = "1,2";
			};
			name = Release;
		};
/* End XCBuildConfiguration section */

/* Begin XCConfigurationList section */
		210A901C21181BAE00C44F3B /* Build configuration list for PBXProject "AjCountryPicker" */ = {
			isa = XCConfigurationList;
			buildConfigurations = (
				210A903121181BB000C44F3B /* Debug */,
				210A903221181BB000C44F3B /* Release */,
			);
			defaultConfigurationIsVisible = 0;
			defaultConfigurationName = Release;
		};
		210A903321181BB000C44F3B /* Build configuration list for PBXNativeTarget "AjCountryPicker" */ = {
			isa = XCConfigurationList;
			buildConfigurations = (
				210A903421181BB000C44F3B /* Debug */,
				210A903521181BB000C44F3B /* Release */,
			);
			defaultConfigurationIsVisible = 0;
			defaultConfigurationName = Release;
		};
/* End XCConfigurationList section */
	};
	rootObject = 210A901921181BAE00C44F3B /* Project object */;
}
