// !$*UTF8*$!
{
	archiveVersion = 1;
	classes = {
	};
	objectVersion = 46;
	objects = {

/* Begin PBXBuildFile section */
		041A2F6F1D45E498009A7A67 /* AJCountryPicker.framework in Frameworks */ = {isa = PBXBuildFile; fileRef = 041A2F641D45E498009A7A67 /* AJCountryPicker.framework */; };
		041A2F741D45E498009A7A67 /* AJCountryPickerTests.swift in Sources */ = {isa = PBXBuildFile; fileRef = 041A2F731D45E498009A7A67 /* AJCountryPickerTests.swift */; };
		210A90632118621F00C44F3B /* assets.bundle in Resources */ = {isa = PBXBuildFile; fileRef = 210A90572118621F00C44F3B /* assets.bundle */; };
		210A90642118621F00C44F3B /* CallingCodes.swift in Sources */ = {isa = PBXBuildFile; fileRef = 210A90592118621F00C44F3B /* CallingCodes.swift */; };
		210A90652118621F00C44F3B /* ATCountryPicker.xib in Resources */ = {isa = PBXBuildFile; fileRef = 210A905A2118621F00C44F3B /* ATCountryPicker.xib */; };
		210A90662118621F00C44F3B /* Reusable.swift in Sources */ = {isa = PBXBuildFile; fileRef = 210A905B2118621F00C44F3B /* Reusable.swift */; };
		210A90672118621F00C44F3B /* Country.swift in Sources */ = {isa = PBXBuildFile; fileRef = 210A905C2118621F00C44F3B /* Country.swift */; };
		210A90682118621F00C44F3B /* CountryTableViewCell.swift in Sources */ = {isa = PBXBuildFile; fileRef = 210A905D2118621F00C44F3B /* CountryTableViewCell.swift */; };
		210A90692118621F00C44F3B /* CountryTableViewCell.xib in Resources */ = {isa = PBXBuildFile; fileRef = 210A905E2118621F00C44F3B /* CountryTableViewCell.xib */; };
		210A906A2118621F00C44F3B /* UITableView+Reusable.swift in Sources */ = {isa = PBXBuildFile; fileRef = 210A905F2118621F00C44F3B /* UITableView+Reusable.swift */; };
		210A906B2118621F00C44F3B /* ATCountryPicker.swift in Sources */ = {isa = PBXBuildFile; fileRef = 210A90602118621F00C44F3B /* ATCountryPicker.swift */; };
		210A906C2118621F00C44F3B /* NibLoadable.swift in Sources */ = {isa = PBXBuildFile; fileRef = 210A90612118621F00C44F3B /* NibLoadable.swift */; };
		210A906D2118621F00C44F3B /* NibOwnerLoadable.swift in Sources */ = {isa = PBXBuildFile; fileRef = 210A90622118621F00C44F3B /* NibOwnerLoadable.swift */; };
		210A906F2118629100C44F3B /* AJCountryPicker.podspec in Resources */ = {isa = PBXBuildFile; fileRef = 210A906E2118629100C44F3B /* AJCountryPicker.podspec */; };
		210A90712118629D00C44F3B /* README.md in Resources */ = {isa = PBXBuildFile; fileRef = 210A90702118629C00C44F3B /* README.md */; };
/* End PBXBuildFile section */

/* Begin PBXContainerItemProxy section */
		041A2F701D45E498009A7A67 /* PBXContainerItemProxy */ = {
			isa = PBXContainerItemProxy;
			containerPortal = 041A2F5B1D45E498009A7A67 /* Project object */;
			proxyType = 1;
			remoteGlobalIDString = 041A2F631D45E498009A7A67;
			remoteInfo = AJCountryPicker;
		};
/* End PBXContainerItemProxy section */

/* Begin PBXFileReference section */
		041A2F641D45E498009A7A67 /* AJCountryPicker.framework */ = {isa = PBXFileReference; explicitFileType = wrapper.framework; includeInIndex = 0; path = AJCountryPicker.framework; sourceTree = BUILT_PRODUCTS_DIR; };
		041A2F691D45E498009A7A67 /* Info.plist */ = {isa = PBXFileReference; lastKnownFileType = text.plist.xml; path = Info.plist; sourceTree = "<group>"; };
		041A2F6E1D45E498009A7A67 /* AJCountryPickerTests.xctest */ = {isa = PBXFileReference; explicitFileType = wrapper.cfbundle; includeInIndex = 0; path = AJCountryPickerTests.xctest; sourceTree = BUILT_PRODUCTS_DIR; };
		041A2F731D45E498009A7A67 /* AJCountryPickerTests.swift */ = {isa = PBXFileReference; lastKnownFileType = sourcecode.swift; path = AJCountryPickerTests.swift; sourceTree = "<group>"; };
		041A2F751D45E498009A7A67 /* Info.plist */ = {isa = PBXFileReference; lastKnownFileType = text.plist.xml; path = Info.plist; sourceTree = "<group>"; };
		210A90572118621F00C44F3B /* assets.bundle */ = {isa = PBXFileReference; lastKnownFileType = "wrapper.plug-in"; path = assets.bundle; sourceTree = "<group>"; };
		210A90592118621F00C44F3B /* CallingCodes.swift */ = {isa = PBXFileReference; fileEncoding = 4; lastKnownFileType = sourcecode.swift; path = CallingCodes.swift; sourceTree = "<group>"; };
		210A905A2118621F00C44F3B /* ATCountryPicker.xib */ = {isa = PBXFileReference; fileEncoding = 4; lastKnownFileType = file.xib; path = ATCountryPicker.xib; sourceTree = "<group>"; };
		210A905B2118621F00C44F3B /* Reusable.swift */ = {isa = PBXFileReference; fileEncoding = 4; lastKnownFileType = sourcecode.swift; path = Reusable.swift; sourceTree = "<group>"; };
		210A905C2118621F00C44F3B /* Country.swift */ = {isa = PBXFileReference; fileEncoding = 4; lastKnownFileType = sourcecode.swift; path = Country.swift; sourceTree = "<group>"; };
		210A905D2118621F00C44F3B /* CountryTableViewCell.swift */ = {isa = PBXFileReference; fileEncoding = 4; lastKnownFileType = sourcecode.swift; path = CountryTableViewCell.swift; sourceTree = "<group>"; };
		210A905E2118621F00C44F3B /* CountryTableViewCell.xib */ = {isa = PBXFileReference; fileEncoding = 4; lastKnownFileType = file.xib; path = CountryTableViewCell.xib; sourceTree = "<group>"; };
		210A905F2118621F00C44F3B /* UITableView+Reusable.swift */ = {isa = PBXFileReference; fileEncoding = 4; lastKnownFileType = sourcecode.swift; path = "UITableView+Reusable.swift"; sourceTree = "<group>"; };
		210A90602118621F00C44F3B /* ATCountryPicker.swift */ = {isa = PBXFileReference; fileEncoding = 4; lastKnownFileType = sourcecode.swift; path = ATCountryPicker.swift; sourceTree = "<group>"; };
		210A90612118621F00C44F3B /* NibLoadable.swift */ = {isa = PBXFileReference; fileEncoding = 4; lastKnownFileType = sourcecode.swift; path = NibLoadable.swift; sourceTree = "<group>"; };
		210A90622118621F00C44F3B /* NibOwnerLoadable.swift */ = {isa = PBXFileReference; fileEncoding = 4; lastKnownFileType = sourcecode.swift; path = NibOwnerLoadable.swift; sourceTree = "<group>"; };
		210A906E2118629100C44F3B /* AJCountryPicker.podspec */ = {isa = PBXFileReference; fileEncoding = 4; lastKnownFileType = text; path = AJCountryPicker.podspec; sourceTree = "<group>"; };
		210A90702118629C00C44F3B /* README.md */ = {isa = PBXFileReference; fileEncoding = 4; lastKnownFileType = net.daringfireball.markdown; path = README.md; sourceTree = "<group>"; };
/* End PBXFileReference section */

/* Begin PBXFrameworksBuildPhase section */
		041A2F601D45E498009A7A67 /* Frameworks */ = {
			isa = PBXFrameworksBuildPhase;
			buildActionMask = 2147483647;
			files = (
			);
			runOnlyForDeploymentPostprocessing = 0;
		};
		041A2F6B1D45E498009A7A67 /* Frameworks */ = {
			isa = PBXFrameworksBuildPhase;
			buildActionMask = 2147483647;
			files = (
				041A2F6F1D45E498009A7A67 /* AJCountryPicker.framework in Frameworks */,
			);
			runOnlyForDeploymentPostprocessing = 0;
		};
/* End PBXFrameworksBuildPhase section */

/* Begin PBXGroup section */
		041A2F5A1D45E498009A7A67 = {
			isa = PBXGroup;
			children = (
				210A906E2118629100C44F3B /* AJCountryPicker.podspec */,
				210A90702118629C00C44F3B /* README.md */,
				041A2F661D45E498009A7A67 /* AJCountryPicker */,
				041A2F721D45E498009A7A67 /* AJCountryPickerTests */,
				041A2F651D45E498009A7A67 /* Products */,
			);
			sourceTree = "<group>";
		};
		041A2F651D45E498009A7A67 /* Products */ = {
			isa = PBXGroup;
			children = (
				041A2F641D45E498009A7A67 /* AJCountryPicker.framework */,
				041A2F6E1D45E498009A7A67 /* AJCountryPickerTests.xctest */,
			);
			name = Products;
			sourceTree = "<group>";
		};
		041A2F661D45E498009A7A67 /* AJCountryPicker */ = {
			isa = PBXGroup;
			children = (
				210A90562118621F00C44F3B /* Resources */,
				210A90582118621F00C44F3B /* Sources */,
				041A2F691D45E498009A7A67 /* Info.plist */,
			);
			path = AJCountryPicker;
			sourceTree = "<group>";
		};
		041A2F721D45E498009A7A67 /* AJCountryPickerTests */ = {
			isa = PBXGroup;
			children = (
				041A2F731D45E498009A7A67 /* AJCountryPickerTests.swift */,
				041A2F751D45E498009A7A67 /* Info.plist */,
			);
			path = AJCountryPickerTests;
			sourceTree = "<group>";
		};
		210A90562118621F00C44F3B /* Resources */ = {
			isa = PBXGroup;
			children = (
				210A90572118621F00C44F3B /* assets.bundle */,
			);
			path = Resources;
			sourceTree = "<group>";
		};
		210A90582118621F00C44F3B /* Sources */ = {
			isa = PBXGroup;
			children = (
				210A90592118621F00C44F3B /* CallingCodes.swift */,
				210A905A2118621F00C44F3B /* ATCountryPicker.xib */,
				210A905B2118621F00C44F3B /* Reusable.swift */,
				210A905C2118621F00C44F3B /* Country.swift */,
				210A905D2118621F00C44F3B /* CountryTableViewCell.swift */,
				210A905E2118621F00C44F3B /* CountryTableViewCell.xib */,
				210A905F2118621F00C44F3B /* UITableView+Reusable.swift */,
				210A90602118621F00C44F3B /* ATCountryPicker.swift */,
				210A90612118621F00C44F3B /* NibLoadable.swift */,
				210A90622118621F00C44F3B /* NibOwnerLoadable.swift */,
			);
			path = Sources;
			sourceTree = "<group>";
		};
/* End PBXGroup section */

/* Begin PBXHeadersBuildPhase section */
		041A2F611D45E498009A7A67 /* Headers */ = {
			isa = PBXHeadersBuildPhase;
			buildActionMask = 2147483647;
			files = (
			);
			runOnlyForDeploymentPostprocessing = 0;
		};
/* End PBXHeadersBuildPhase section */

/* Begin PBXNativeTarget section */
		041A2F631D45E498009A7A67 /* AJCountryPicker */ = {
			isa = PBXNativeTarget;
			buildConfigurationList = 041A2F781D45E498009A7A67 /* Build configuration list for PBXNativeTarget "AJCountryPicker" */;
			buildPhases = (
				041A2F5F1D45E498009A7A67 /* Sources */,
				041A2F601D45E498009A7A67 /* Frameworks */,
				041A2F611D45E498009A7A67 /* Headers */,
				041A2F621D45E498009A7A67 /* Resources */,
			);
			buildRules = (
			);
			dependencies = (
			);
			name = AJCountryPicker;
			productName = AJCountryPicker;
			productReference = 041A2F641D45E498009A7A67 /* AJCountryPicker.framework */;
			productType = "com.apple.product-type.framework";
		};
		041A2F6D1D45E498009A7A67 /* AJCountryPickerTests */ = {
			isa = PBXNativeTarget;
			buildConfigurationList = 041A2F7B1D45E498009A7A67 /* Build configuration list for PBXNativeTarget "AJCountryPickerTests" */;
			buildPhases = (
				041A2F6A1D45E498009A7A67 /* Sources */,
				041A2F6B1D45E498009A7A67 /* Frameworks */,
				041A2F6C1D45E498009A7A67 /* Resources */,
			);
			buildRules = (
			);
			dependencies = (
				041A2F711D45E498009A7A67 /* PBXTargetDependency */,
			);
			name = AJCountryPickerTests;
			productName = AJCountryPickerTests;
			productReference = 041A2F6E1D45E498009A7A67 /* AJCountryPickerTests.xctest */;
			productType = "com.apple.product-type.bundle.unit-test";
		};
/* End PBXNativeTarget section */

/* Begin PBXProject section */
		041A2F5B1D45E498009A7A67 /* Project object */ = {
			isa = PBXProject;
			attributes = {
				LastSwiftUpdateCheck = 0730;
				LastUpgradeCheck = 0940;
				ORGANIZATIONNAME = TeamAj;
				TargetAttributes = {
					041A2F631D45E498009A7A67 = {
						CreatedOnToolsVersion = 7.3.1;
					};
					041A2F6D1D45E498009A7A67 = {
						CreatedOnToolsVersion = 7.3.1;
					};
				};
			};
			buildConfigurationList = 041A2F5E1D45E498009A7A67 /* Build configuration list for PBXProject "AJCountryPicker" */;
			compatibilityVersion = "Xcode 3.2";
			developmentRegion = English;
			hasScannedForEncodings = 0;
			knownRegions = (
				en,
			);
			mainGroup = 041A2F5A1D45E498009A7A67;
			productRefGroup = 041A2F651D45E498009A7A67 /* Products */;
			projectDirPath = "";
			projectRoot = "";
			targets = (
				041A2F631D45E498009A7A67 /* AJCountryPicker */,
				041A2F6D1D45E498009A7A67 /* AJCountryPickerTests */,
			);
		};
/* End PBXProject section */

/* Begin PBXResourcesBuildPhase section */
		041A2F621D45E498009A7A67 /* Resources */ = {
			isa = PBXResourcesBuildPhase;
			buildActionMask = 2147483647;
			files = (
				210A906F2118629100C44F3B /* AJCountryPicker.podspec in Resources */,
				210A90692118621F00C44F3B /* CountryTableViewCell.xib in Resources */,
				210A90712118629D00C44F3B /* README.md in Resources */,
				210A90632118621F00C44F3B /* assets.bundle in Resources */,
				210A90652118621F00C44F3B /* ATCountryPicker.xib in Resources */,
			);
			runOnlyForDeploymentPostprocessing = 0;
		};
		041A2F6C1D45E498009A7A67 /* Resources */ = {
			isa = PBXResourcesBuildPhase;
			buildActionMask = 2147483647;
			files = (
			);
			runOnlyForDeploymentPostprocessing = 0;
		};
/* End PBXResourcesBuildPhase section */

/* Begin PBXSourcesBuildPhase section */
		041A2F5F1D45E498009A7A67 /* Sources */ = {
			isa = PBXSourcesBuildPhase;
			buildActionMask = 2147483647;
			files = (
				210A90642118621F00C44F3B /* CallingCodes.swift in Sources */,
				210A906D2118621F00C44F3B /* NibOwnerLoadable.swift in Sources */,
				210A906C2118621F00C44F3B /* NibLoadable.swift in Sources */,
				210A906B2118621F00C44F3B /* ATCountryPicker.swift in Sources */,
				210A906A2118621F00C44F3B /* UITableView+Reusable.swift in Sources */,
				210A90672118621F00C44F3B /* Country.swift in Sources */,
				210A90682118621F00C44F3B /* CountryTableViewCell.swift in Sources */,
				210A90662118621F00C44F3B /* Reusable.swift in Sources */,
			);
			runOnlyForDeploymentPostprocessing = 0;
		};
		041A2F6A1D45E498009A7A67 /* Sources */ = {
			isa = PBXSourcesBuildPhase;
			buildActionMask = 2147483647;
			files = (
				041A2F741D45E498009A7A67 /* AJCountryPickerTests.swift in Sources */,
			);
			runOnlyForDeploymentPostprocessing = 0;
		};
/* End PBXSourcesBuildPhase section */

/* Begin PBXTargetDependency section */
		041A2F711D45E498009A7A67 /* PBXTargetDependency */ = {
			isa = PBXTargetDependency;
			target = 041A2F631D45E498009A7A67 /* AJCountryPicker */;
			targetProxy = 041A2F701D45E498009A7A67 /* PBXContainerItemProxy */;
		};
/* End PBXTargetDependency section */

/* Begin XCBuildConfiguration section */
		041A2F761D45E498009A7A67 /* Debug */ = {
			isa = XCBuildConfiguration;
			buildSettings = {
				ALWAYS_SEARCH_USER_PATHS = NO;
				CLANG_ANALYZER_NONNULL = YES;
				CLANG_CXX_LANGUAGE_STANDARD = "gnu++0x";
				CLANG_CXX_LIBRARY = "libc++";
				CLANG_ENABLE_MODULES = YES;
				CLANG_ENABLE_OBJC_ARC = YES;
				CLANG_WARN_BLOCK_CAPTURE_AUTORELEASING = YES;
				CLANG_WARN_BOOL_CONVERSION = YES;
				CLANG_WARN_COMMA = YES;
				CLANG_WARN_CONSTANT_CONVERSION = YES;
				CLANG_WARN_DEPRECATED_OBJC_IMPLEMENTATIONS = YES;
				CLANG_WARN_DIRECT_OBJC_ISA_USAGE = YES_ERROR;
				CLANG_WARN_EMPTY_BODY = YES;
				CLANG_WARN_ENUM_CONVERSION = YES;
				CLANG_WARN_INFINITE_RECURSION = YES;
				CLANG_WARN_INT_CONVERSION = YES;
				CLANG_WARN_NON_LITERAL_NULL_CONVERSION = YES;
				CLANG_WARN_OBJC_IMPLICIT_RETAIN_SELF = YES;
				CLANG_WARN_OBJC_LITERAL_CONVERSION = YES;
				CLANG_WARN_OBJC_ROOT_CLASS = YES_ERROR;
				CLANG_WARN_RANGE_LOOP_ANALYSIS = YES;
				CLANG_WARN_STRICT_PROTOTYPES = YES;
				CLANG_WARN_SUSPICIOUS_MOVE = YES;
				CLANG_WARN_UNREACHABLE_CODE = YES;
				CLANG_WARN__DUPLICATE_METHOD_MATCH = YES;
				"CODE_SIGN_IDENTITY[sdk=iphoneos*]" = "iPhone Developer";
				COPY_PHASE_STRIP = NO;
				CURRENT_PROJECT_VERSION = 1;
				DEBUG_INFORMATION_FORMAT = dwarf;
				ENABLE_STRICT_OBJC_MSGSEND = YES;
				ENABLE_TESTABILITY = YES;
				GCC_C_LANGUAGE_STANDARD = gnu99;
				GCC_DYNAMIC_NO_PIC = NO;
				GCC_NO_COMMON_BLOCKS = YES;
				GCC_OPTIMIZATION_LEVEL = 0;
				GCC_PREPROCESSOR_DEFINITIONS = (
					"DEBUG=1",
					"$(inherited)",
				);
				GCC_WARN_64_TO_32_BIT_CONVERSION = YES;
				GCC_WARN_ABOUT_RETURN_TYPE = YES_ERROR;
				GCC_WARN_UNDECLARED_SELECTOR = YES;
				GCC_WARN_UNINITIALIZED_AUTOS = YES_AGGRESSIVE;
				GCC_WARN_UNUSED_FUNCTION = YES;
				GCC_WARN_UNUSED_VARIABLE = YES;
				IPHONEOS_DEPLOYMENT_TARGET = 8.3;
				MTL_ENABLE_DEBUG_INFO = YES;
				ONLY_ACTIVE_ARCH = YES;
				SDKROOT = iphoneos;
				SWIFT_OPTIMIZATION_LEVEL = "-Onone";
				SWIFT_VERSION = 4.0;
				TARGETED_DEVICE_FAMILY = "1,2";
				VERSIONING_SYSTEM = "apple-generic";
				VERSION_INFO_PREFIX = "";
			};
			name = Debug;
		};
		041A2F771D45E498009A7A67 /* Release */ = {
			isa = XCBuildConfiguration;
			buildSettings = {
				ALWAYS_SEARCH_USER_PATHS = NO;
				CLANG_ANALYZER_NONNULL = YES;
				CLANG_CXX_LANGUAGE_STANDARD = "gnu++0x";
				CLANG_CXX_LIBRARY = "libc++";
				CLANG_ENABLE_MODULES = YES;
				CLANG_ENABLE_OBJC_ARC = YES;
				CLANG_WARN_BLOCK_CAPTURE_AUTORELEASING = YES;
				CLANG_WARN_BOOL_CONVERSION = YES;
				CLANG_WARN_COMMA = YES;
				CLANG_WARN_CONSTANT_CONVERSION = YES;
				CLANG_WARN_DEPRECATED_OBJC_IMPLEMENTATIONS = YES;
				CLANG_WARN_DIRECT_OBJC_ISA_USAGE = YES_ERROR;
				CLANG_WARN_EMPTY_BODY = YES;
				CLANG_WARN_ENUM_CONVERSION = YES;
				CLANG_WARN_INFINITE_RECURSION = YES;
				CLANG_WARN_INT_CONVERSION = YES;
				CLANG_WARN_NON_LITERAL_NULL_CONVERSION = YES;
				CLANG_WARN_OBJC_IMPLICIT_RETAIN_SELF = YES;
				CLANG_WARN_OBJC_LITERAL_CONVERSION = YES;
				CLANG_WARN_OBJC_ROOT_CLASS = YES_ERROR;
				CLANG_WARN_RANGE_LOOP_ANALYSIS = YES;
				CLANG_WARN_STRICT_PROTOTYPES = YES;
				CLANG_WARN_SUSPICIOUS_MOVE = YES;
				CLANG_WARN_UNREACHABLE_CODE = YES;
				CLANG_WARN__DUPLICATE_METHOD_MATCH = YES;
				"CODE_SIGN_IDENTITY[sdk=iphoneos*]" = "iPhone Developer";
				COPY_PHASE_STRIP = NO;
				CURRENT_PROJECT_VERSION = 1;
				DEBUG_INFORMATION_FORMAT = "dwarf-with-dsym";
				ENABLE_NS_ASSERTIONS = NO;
				ENABLE_STRICT_OBJC_MSGSEND = YES;
				GCC_C_LANGUAGE_STANDARD = gnu99;
				GCC_NO_COMMON_BLOCKS = YES;
				GCC_WARN_64_TO_32_BIT_CONVERSION = YES;
				GCC_WARN_ABOUT_RETURN_TYPE = YES_ERROR;
				GCC_WARN_UNDECLARED_SELECTOR = YES;
				GCC_WARN_UNINITIALIZED_AUTOS = YES_AGGRESSIVE;
				GCC_WARN_UNUSED_FUNCTION = YES;
				GCC_WARN_UNUSED_VARIABLE = YES;
				IPHONEOS_DEPLOYMENT_TARGET = 8.3;
				MTL_ENABLE_DEBUG_INFO = NO;
				SDKROOT = iphoneos;
				SWIFT_COMPILATION_MODE = wholemodule;
				SWIFT_VERSION = 4.0;
				TARGETED_DEVICE_FAMILY = "1,2";
				VALIDATE_PRODUCT = YES;
				VERSIONING_SYSTEM = "apple-generic";
				VERSION_INFO_PREFIX = "";
			};
			name = Release;
		};
		041A2F791D45E498009A7A67 /* Debug */ = {
			isa = XCBuildConfiguration;
			buildSettings = {
				CLANG_ENABLE_MODULES = YES;
				CODE_SIGN_IDENTITY = "";
				DEFINES_MODULE = YES;
				DYLIB_COMPATIBILITY_VERSION = 1;
				DYLIB_CURRENT_VERSION = 1;
				DYLIB_INSTALL_NAME_BASE = "@rpath";
				INFOPLIST_FILE = AJCountryPicker/Info.plist;
				INSTALL_PATH = "$(LOCAL_LIBRARY_DIR)/Frameworks";
				IPHONEOS_DEPLOYMENT_TARGET = 9.0;
				LD_RUNPATH_SEARCH_PATHS = "$(inherited) @executable_path/Frameworks @loader_path/Frameworks";
				PRODUCT_BUNDLE_IDENTIFIER = com.teamAj.AJCountryPicker;
				PRODUCT_NAME = "$(TARGET_NAME)";
				SKIP_INSTALL = YES;
				SWIFT_OPTIMIZATION_LEVEL = "-Onone";
			};
			name = Debug;
		};
		041A2F7A1D45E498009A7A67 /* Release */ = {
			isa = XCBuildConfiguration;
			buildSettings = {
				CLANG_ENABLE_MODULES = YES;
				CODE_SIGN_IDENTITY = "";
				DEFINES_MODULE = YES;
				DYLIB_COMPATIBILITY_VERSION = 1;
				DYLIB_CURRENT_VERSION = 1;
				DYLIB_INSTALL_NAME_BASE = "@rpath";
				INFOPLIST_FILE = AJCountryPicker/Info.plist;
				INSTALL_PATH = "$(LOCAL_LIBRARY_DIR)/Frameworks";
				IPHONEOS_DEPLOYMENT_TARGET = 9.0;
				LD_RUNPATH_SEARCH_PATHS = "$(inherited) @executable_path/Frameworks @loader_path/Frameworks";
				PRODUCT_BUNDLE_IDENTIFIER = com.teamAj.AJCountryPicker;
				PRODUCT_NAME = "$(TARGET_NAME)";
				SKIP_INSTALL = YES;
			};
			name = Release;
		};
		041A2F7C1D45E498009A7A67 /* Debug */ = {
			isa = XCBuildConfiguration;
			buildSettings = {
				INFOPLIST_FILE = AJCountryPickerTests/Info.plist;
				LD_RUNPATH_SEARCH_PATHS = "$(inherited) @executable_path/Frameworks @loader_path/Frameworks";
				PRODUCT_BUNDLE_IDENTIFIER = com.teamAj.AJCountryPickerTests;
				PRODUCT_NAME = "$(TARGET_NAME)";
			};
			name = Debug;
		};
		041A2F7D1D45E498009A7A67 /* Release */ = {
			isa = XCBuildConfiguration;
			buildSettings = {
				INFOPLIST_FILE = AJCountryPickerTests/Info.plist;
				LD_RUNPATH_SEARCH_PATHS = "$(inherited) @executable_path/Frameworks @loader_path/Frameworks";
				PRODUCT_BUNDLE_IDENTIFIER = com.teamAj.AJCountryPickerTests;
				PRODUCT_NAME = "$(TARGET_NAME)";
			};
			name = Release;
		};
/* End XCBuildConfiguration section */

/* Begin XCConfigurationList section */
		041A2F5E1D45E498009A7A67 /* Build configuration list for PBXProject "AJCountryPicker" */ = {
			isa = XCConfigurationList;
			buildConfigurations = (
				041A2F761D45E498009A7A67 /* Debug */,
				041A2F771D45E498009A7A67 /* Release */,
			);
			defaultConfigurationIsVisible = 0;
			defaultConfigurationName = Release;
		};
		041A2F781D45E498009A7A67 /* Build configuration list for PBXNativeTarget "AJCountryPicker" */ = {
			isa = XCConfigurationList;
			buildConfigurations = (
				041A2F791D45E498009A7A67 /* Debug */,
				041A2F7A1D45E498009A7A67 /* Release */,
			);
			defaultConfigurationIsVisible = 0;
			defaultConfigurationName = Release;
		};
		041A2F7B1D45E498009A7A67 /* Build configuration list for PBXNativeTarget "AJCountryPickerTests" */ = {
			isa = XCConfigurationList;
			buildConfigurations = (
				041A2F7C1D45E498009A7A67 /* Debug */,
				041A2F7D1D45E498009A7A67 /* Release */,
			);
			defaultConfigurationIsVisible = 0;
			defaultConfigurationName = Release;
		};
/* End XCConfigurationList section */
	};
	rootObject = 041A2F5B1D45E498009A7A67 /* Project object */;
}
