PODS:
  - AJCountryPicker (2.0.0)

DEPENDENCIES:
  - AJCountryPicker (from `https://github.com/techmehra/AJCountryPicker.git`)

EXTERNAL SOURCES:
  AJCountryPicker:
    :git: https://github.com/techmehra/AJCountryPicker.git

CHECKOUT OPTIONS:
  AJCountryPicker:
    :commit: ddc090a2045c0b2ae8c03407edc4933b2a7cd165
    :git: https://github.com/techmehra/AJCountryPicker.git

SPEC CHECKSUMS:
  AJCountryPicker: f4bba2b59114a6442e5ed523ff1aeaa502f2440e

PODFILE CHECKSUM: ebc430b58c832c94606684bed67ccc0202981d0c

COCOAPODS: 1.4.0
