PODS:
  - AJCountryPicker (2.0.0)

DEPENDENCIES:
  - AJCountryPicker (from `https://github.com/techmehra/AJCountryPicker.git`)

EXTERNAL SOURCES:
  AJCountryPicker:
    :git: https://github.com/techmehra/AJCountryPicker.git

CHECKOUT OPTIONS:
  AJCountryPicker:
    :commit: 09b685e7af6c6dcce62949d233e812f610d83d23
    :git: https://github.com/techmehra/AJCountryPicker.git

SPEC CHECKSUMS:
  AJCountryPicker: 9f9ab4c903a649de792cee52c3d893b6707decb3

PODFILE CHECKSUM: ebc430b58c832c94606684bed67ccc0202981d0c

COCOAPODS: 1.4.0
