PODS:
  - AJCountryPicker (2.0.0)

DEPENDENCIES:
  - AJCountryPicker (from `https://github.com/techmehra/AJCountryPicker.git`)

EXTERNAL SOURCES:
  AJCountryPicker:
    :git: https://github.com/techmehra/AJCountryPicker.git

CHECKOUT OPTIONS:
  AJCountryPicker:
    :commit: 390e6290c5b518de3ec05d58b4c9b7d1189c7b2e
    :git: https://github.com/techmehra/AJCountryPicker.git

SPEC CHECKSUMS:
  AJCountryPicker: 2c46b3d3f511384fa7f8f1c03341deb9021ef58f

PODFILE CHECKSUM: ebc430b58c832c94606684bed67ccc0202981d0c

COCOAPODS: 1.4.0
